
Microsoft Visual Studio Solution File, Format Version 12.00
# Visual Studio Version 17
VisualStudioVersion = 17.14.36623.8
MinimumVisualStudioVersion = 10.0.40219.1
Project("{FAE04EC0-301F-11D3-BF4B-00C04F79EFBC}") = "HackathonCallCenter", "HackathonCallCenter\HackathonCallCenter.csproj", "{E887D516-C588-42B3-B39C-D31D70BC92D6}"
EndProject
Project("{FAE04EC0-301F-11D3-BF4B-00C04F79EFBC}") = "TestApi", "TestApi\TestApi.csproj", "{EF7DFC84-9B25-447D-A91B-D498E0931942}"
EndProject
Project("{FAE04EC0-301F-11D3-BF4B-00C04F79EFBC}") = "Hackathon.Ai", "Hackathon.Ai\Hackathon.Ai.csproj", "{35052F6A-68FA-4467-AC93-26DE23EFC45B}"
EndProject
Project("{FAE04EC0-301F-11D3-BF4B-00C04F79EFBC}") = "Hackathon.Db", "Hackathon.Db\Hackathon.Db.csproj", "{B1C40984-8A05-4352-870F-A46276963383}"
EndProject
Global
	GlobalSection(SolutionConfigurationPlatforms) = preSolution
		Debug|Any CPU = Debug|Any CPU
		Release|Any CPU = Release|Any CPU
	EndGlobalSection
	GlobalSection(ProjectConfigurationPlatforms) = postSolution
		{E887D516-C588-42B3-B39C-D31D70BC92D6}.Debug|Any CPU.ActiveCfg = Debug|Any CPU
		{E887D516-C588-42B3-B39C-D31D70BC92D6}.Debug|Any CPU.Build.0 = Debug|Any CPU
		{E887D516-C588-42B3-B39C-D31D70BC92D6}.Release|Any CPU.ActiveCfg = Release|Any CPU
		{E887D516-C588-42B3-B39C-D31D70BC92D6}.Release|Any CPU.Build.0 = Release|Any CPU
		{EF7DFC84-9B25-447D-A91B-D498E0931942}.Debug|Any CPU.ActiveCfg = Debug|Any CPU
		{EF7DFC84-9B25-447D-A91B-D498E0931942}.Debug|Any CPU.Build.0 = Debug|Any CPU
		{EF7DFC84-9B25-447D-A91B-D498E0931942}.Release|Any CPU.ActiveCfg = Release|Any CPU
		{EF7DFC84-9B25-447D-A91B-D498E0931942}.Release|Any CPU.Build.0 = Release|Any CPU
		{35052F6A-68FA-4467-AC93-26DE23EFC45B}.Debug|Any CPU.ActiveCfg = Debug|Any CPU
		{35052F6A-68FA-4467-AC93-26DE23EFC45B}.Debug|Any CPU.Build.0 = Debug|Any CPU
		{35052F6A-68FA-4467-AC93-26DE23EFC45B}.Release|Any CPU.ActiveCfg = Release|Any CPU
		{35052F6A-68FA-4467-AC93-26DE23EFC45B}.Release|Any CPU.Build.0 = Release|Any CPU
		{B1C40984-8A05-4352-870F-A46276963383}.Debug|Any CPU.ActiveCfg = Debug|Any CPU
		{B1C40984-8A05-4352-870F-A46276963383}.Debug|Any CPU.Build.0 = Debug|Any CPU
		{B1C40984-8A05-4352-870F-A46276963383}.Release|Any CPU.ActiveCfg = Release|Any CPU
		{B1C40984-8A05-4352-870F-A46276963383}.Release|Any CPU.Build.0 = Release|Any CPU
	EndGlobalSection
	GlobalSection(SolutionProperties) = preSolution
		HideSolutionNode = FALSE
	EndGlobalSection
	GlobalSection(ExtensibilityGlobals) = postSolution
		SolutionGuid = {EDA9338F-1D61-42B7-8CED-0098192F481D}
	EndGlobalSection
EndGlobal
